
Microsoft Visual Studio Solution File, Format Version 12.00
# Visual Studio 2012
Project("{8BC9CEB8-8B4A-11D0-8D11-00A0C91BC942}") = "TSR", "TSR\TSR.vcxproj", "{F0CC84FB-36A8-4B81-9286-B89564BFBBAD}"
EndProject
Global
	GlobalSection(SolutionConfigurationPlatforms) = preSolution
		Debug|Win32 = Debug|Win32
		Release|Win32 = Release|Win32
	EndGlobalSection
	GlobalSection(ProjectConfigurationPlatforms) = postSolution
		{F0CC84FB-36A8-4B81-9286-B89564BFBBAD}.Debug|Win32.ActiveCfg = Debug|Win32
		{F0CC84FB-36A8-4B81-9286-B89564BFBBAD}.Debug|Win32.Build.0 = Debug|Win32
		{F0CC84FB-36A8-4B81-9286-B89564BFBBAD}.Release|Win32.ActiveCfg = Release|Win32
		{F0CC84FB-36A8-4B81-9286-B89564BFBBAD}.Release|Win32.Build.0 = Release|Win32
	EndGlobalSection
	GlobalSection(SolutionProperties) = preSolution
		HideSolutionNode = FALSE
	EndGlobalSection
EndGlobal
